
Microsoft Visual Studio Solution File, Format Version 12.00
# Visual Studio 15
VisualStudioVersion = 15.0.26730.12
MinimumVisualStudioVersion = 10.0.40219.1
Project("{FAE04EC0-301F-11D3-BF4B-00C04F79EFBC}") = "WebApplication10", "WebApplication10\WebApplication10.csproj", "{3DB5E272-CD8B-43F1-8AD9-F7706B78FDC3}"
EndProject
Global
	GlobalSection(SolutionConfigurationPlatforms) = preSolution
		Debug|Any CPU = Debug|Any CPU
		Release|Any CPU = Release|Any CPU
	EndGlobalSection
	GlobalSection(ProjectConfigurationPlatforms) = postSolution
		{3DB5E272-CD8B-43F1-8AD9-F7706B78FDC3}.Debug|Any CPU.ActiveCfg = Debug|Any CPU
		{3DB5E272-CD8B-43F1-8AD9-F7706B78FDC3}.Debug|Any CPU.Build.0 = Debug|Any CPU
		{3DB5E272-CD8B-43F1-8AD9-F7706B78FDC3}.Release|Any CPU.ActiveCfg = Release|Any CPU
		{3DB5E272-CD8B-43F1-8AD9-F7706B78FDC3}.Release|Any CPU.Build.0 = Release|Any CPU
	EndGlobalSection
	GlobalSection(SolutionProperties) = preSolution
		HideSolutionNode = FALSE
	EndGlobalSection
	GlobalSection(ExtensibilityGlobals) = postSolution
		SolutionGuid = {E23C1C88-5DBE-43F2-8C91-64C7C131A84C}
	EndGlobalSection
EndGlobal
